// !$*UTF8*$!
{
	archiveVersion = 1;
	classes = {
	};
	objectVersion = 46;
	objects = {

/* Begin PBXBuildFile section */
		D475891F184C9FBE00DA20D2 /* Foundation.framework in Frameworks */ = {isa = PBXBuildFile; fileRef = D475891E184C9FBE00DA20D2 /* Foundation.framework */; };
		D4758921184C9FBE00DA20D2 /* CoreGraphics.framework in Frameworks */ = {isa = PBXBuildFile; fileRef = D4758920184C9FBE00DA20D2 /* CoreGraphics.framework */; };
		D4758923184C9FBE00DA20D2 /* UIKit.framework in Frameworks */ = {isa = PBXBuildFile; fileRef = D4758922184C9FBE00DA20D2 /* UIKit.framework */; };
		D4758929184C9FBE00DA20D2 /* InfoPlist.strings in Resources */ = {isa = PBXBuildFile; fileRef = D4758927184C9FBE00DA20D2 /* InfoPlist.strings */; };
		D475892B184C9FBE00DA20D2 /* main.m in Sources */ = {isa = PBXBuildFile; fileRef = D475892A184C9FBE00DA20D2 /* main.m */; };
		D475892F184C9FBE00DA20D2 /* txAppDelegate.m in Sources */ = {isa = PBXBuildFile; fileRef = D475892E184C9FBE00DA20D2 /* txAppDelegate.m */; };
		D4758931184C9FBE00DA20D2 /* Images.xcassets in Resources */ = {isa = PBXBuildFile; fileRef = D4758930184C9FBE00DA20D2 /* Images.xcassets */; };
		D4758938184C9FBE00DA20D2 /* XCTest.framework in Frameworks */ = {isa = PBXBuildFile; fileRef = D4758937184C9FBE00DA20D2 /* XCTest.framework */; };
		D4758939184C9FBE00DA20D2 /* Foundation.framework in Frameworks */ = {isa = PBXBuildFile; fileRef = D475891E184C9FBE00DA20D2 /* Foundation.framework */; };
		D475893A184C9FBE00DA20D2 /* UIKit.framework in Frameworks */ = {isa = PBXBuildFile; fileRef = D4758922184C9FBE00DA20D2 /* UIKit.framework */; };
		D4758942184C9FBE00DA20D2 /* InfoPlist.strings in Resources */ = {isa = PBXBuildFile; fileRef = D4758940184C9FBE00DA20D2 /* InfoPlist.strings */; };
		D4758944184C9FBE00DA20D2 /* txUITableViewDemoTests.m in Sources */ = {isa = PBXBuildFile; fileRef = D4758943184C9FBE00DA20D2 /* txUITableViewDemoTests.m */; };
		D4758950184CA3F100DA20D2 /* txMainViewController.m in Sources */ = {isa = PBXBuildFile; fileRef = D475894F184CA3F100DA20D2 /* txMainViewController.m */; };
		D4758953184CB0EA00DA20D2 /* Icon.png in Resources */ = {isa = PBXBuildFile; fileRef = D4758952184CB0EA00DA20D2 /* Icon.png */; };
/* End PBXBuildFile section */

/* Begin PBXContainerItemProxy section */
		D475893B184C9FBE00DA20D2 /* PBXContainerItemProxy */ = {
			isa = PBXContainerItemProxy;
			containerPortal = D4758913184C9FBE00DA20D2 /* Project object */;
			proxyType = 1;
			remoteGlobalIDString = D475891A184C9FBE00DA20D2;
			remoteInfo = txUITableViewDemo;
		};
/* End PBXContainerItemProxy section */

/* Begin PBXFileReference section */
		D475891B184C9FBE00DA20D2 /* txUITableViewDemo.app */ = {isa = PBXFileReference; explicitFileType = wrapper.application; includeInIndex = 0; path = txUITableViewDemo.app; sourceTree = BUILT_PRODUCTS_DIR; };
		D475891E184C9FBE00DA20D2 /* Foundation.framework */ = {isa = PBXFileReference; lastKnownFileType = wrapper.framework; name = Foundation.framework; path = System/Library/Frameworks/Foundation.framework; sourceTree = SDKROOT; };
		D4758920184C9FBE00DA20D2 /* CoreGraphics.framework */ = {isa = PBXFileReference; lastKnownFileType = wrapper.framework; name = CoreGraphics.framework; path = System/Library/Frameworks/CoreGraphics.framework; sourceTree = SDKROOT; };
		D4758922184C9FBE00DA20D2 /* UIKit.framework */ = {isa = PBXFileReference; lastKnownFileType = wrapper.framework; name = UIKit.framework; path = System/Library/Frameworks/UIKit.framework; sourceTree = SDKROOT; };
		D4758926184C9FBE00DA20D2 /* txUITableViewDemo-Info.plist */ = {isa = PBXFileReference; lastKnownFileType = text.plist.xml; path = "txUITableViewDemo-Info.plist"; sourceTree = "<group>"; };
		D4758928184C9FBE00DA20D2 /* en */ = {isa = PBXFileReference; lastKnownFileType = text.plist.strings; name = en; path = en.lproj/InfoPlist.strings; sourceTree = "<group>"; };
		D475892A184C9FBE00DA20D2 /* main.m */ = {isa = PBXFileReference; lastKnownFileType = sourcecode.c.objc; path = main.m; sourceTree = "<group>"; };
		D475892C184C9FBE00DA20D2 /* txUITableViewDemo-Prefix.pch */ = {isa = PBXFileReference; lastKnownFileType = sourcecode.c.h; path = "txUITableViewDemo-Prefix.pch"; sourceTree = "<group>"; };
		D475892D184C9FBE00DA20D2 /* txAppDelegate.h */ = {isa = PBXFileReference; lastKnownFileType = sourcecode.c.h; path = txAppDelegate.h; sourceTree = "<group>"; };
		D475892E184C9FBE00DA20D2 /* txAppDelegate.m */ = {isa = PBXFileReference; lastKnownFileType = sourcecode.c.objc; path = txAppDelegate.m; sourceTree = "<group>"; };
		D4758930184C9FBE00DA20D2 /* Images.xcassets */ = {isa = PBXFileReference; lastKnownFileType = folder.assetcatalog; path = Images.xcassets; sourceTree = "<group>"; };
		D4758936184C9FBE00DA20D2 /* txUITableViewDemoTests.xctest */ = {isa = PBXFileReference; explicitFileType = wrapper.cfbundle; includeInIndex = 0; path = txUITableViewDemoTests.xctest; sourceTree = BUILT_PRODUCTS_DIR; };
		D4758937184C9FBE00DA20D2 /* XCTest.framework */ = {isa = PBXFileReference; lastKnownFileType = wrapper.framework; name = XCTest.framework; path = Library/Frameworks/XCTest.framework; sourceTree = DEVELOPER_DIR; };
		D475893F184C9FBE00DA20D2 /* txUITableViewDemoTests-Info.plist */ = {isa = PBXFileReference; lastKnownFileType = text.plist.xml; path = "txUITableViewDemoTests-Info.plist"; sourceTree = "<group>"; };
		D4758941184C9FBE00DA20D2 /* en */ = {isa = PBXFileReference; lastKnownFileType = text.plist.strings; name = en; path = en.lproj/InfoPlist.strings; sourceTree = "<group>"; };
		D4758943184C9FBE00DA20D2 /* txUITableViewDemoTests.m */ = {isa = PBXFileReference; lastKnownFileType = sourcecode.c.objc; path = txUITableViewDemoTests.m; sourceTree = "<group>"; };
		D475894E184CA3F100DA20D2 /* txMainViewController.h */ = {isa = PBXFileReference; fileEncoding = 4; lastKnownFileType = sourcecode.c.h; path = txMainViewController.h; sourceTree = "<group>"; };
		D475894F184CA3F100DA20D2 /* txMainViewController.m */ = {isa = PBXFileReference; fileEncoding = 4; lastKnownFileType = sourcecode.c.objc; path = txMainViewController.m; sourceTree = "<group>"; };
		D4758952184CB0EA00DA20D2 /* Icon.png */ = {isa = PBXFileReference; lastKnownFileType = image.png; path = Icon.png; sourceTree = "<group>"; };
/* End PBXFileReference section */

/* Begin PBXFrameworksBuildPhase section */
		D4758918184C9FBE00DA20D2 /* Frameworks */ = {
			isa = PBXFrameworksBuildPhase;
			buildActionMask = 2147483647;
			files = (
				D4758921184C9FBE00DA20D2 /* CoreGraphics.framework in Frameworks */,
				D4758923184C9FBE00DA20D2 /* UIKit.framework in Frameworks */,
				D475891F184C9FBE00DA20D2 /* Foundation.framework in Frameworks */,
			);
			runOnlyForDeploymentPostprocessing = 0;
		};
		D4758933184C9FBE00DA20D2 /* Frameworks */ = {
			isa = PBXFrameworksBuildPhase;
			buildActionMask = 2147483647;
			files = (
				D4758938184C9FBE00DA20D2 /* XCTest.framework in Frameworks */,
				D475893A184C9FBE00DA20D2 /* UIKit.framework in Frameworks */,
				D4758939184C9FBE00DA20D2 /* Foundation.framework in Frameworks */,
			);
			runOnlyForDeploymentPostprocessing = 0;
		};
/* End PBXFrameworksBuildPhase section */

/* Begin PBXGroup section */
		D4758912184C9FBE00DA20D2 = {
			isa = PBXGroup;
			children = (
				D4758924184C9FBE00DA20D2 /* txUITableViewDemo */,
				D475893D184C9FBE00DA20D2 /* txUITableViewDemoTests */,
				D475891D184C9FBE00DA20D2 /* Frameworks */,
				D475891C184C9FBE00DA20D2 /* Products */,
			);
			sourceTree = "<group>";
		};
		D475891C184C9FBE00DA20D2 /* Products */ = {
			isa = PBXGroup;
			children = (
				D475891B184C9FBE00DA20D2 /* txUITableViewDemo.app */,
				D4758936184C9FBE00DA20D2 /* txUITableViewDemoTests.xctest */,
			);
			name = Products;
			sourceTree = "<group>";
		};
		D475891D184C9FBE00DA20D2 /* Frameworks */ = {
			isa = PBXGroup;
			children = (
				D475891E184C9FBE00DA20D2 /* Foundation.framework */,
				D4758920184C9FBE00DA20D2 /* CoreGraphics.framework */,
				D4758922184C9FBE00DA20D2 /* UIKit.framework */,
				D4758937184C9FBE00DA20D2 /* XCTest.framework */,
			);
			name = Frameworks;
			sourceTree = "<group>";
		};
		D4758924184C9FBE00DA20D2 /* txUITableViewDemo */ = {
			isa = PBXGroup;
			children = (
				D4758951184CB0D400DA20D2 /* Resources */,
				D475894D184CA3D600DA20D2 /* Controllers */,
				D475892D184C9FBE00DA20D2 /* txAppDelegate.h */,
				D475892E184C9FBE00DA20D2 /* txAppDelegate.m */,
				D4758930184C9FBE00DA20D2 /* Images.xcassets */,
				D4758925184C9FBE00DA20D2 /* Supporting Files */,
			);
			path = txUITableViewDemo;
			sourceTree = "<group>";
		};
		D4758925184C9FBE00DA20D2 /* Supporting Files */ = {
			isa = PBXGroup;
			children = (
				D4758926184C9FBE00DA20D2 /* txUITableViewDemo-Info.plist */,
				D4758927184C9FBE00DA20D2 /* InfoPlist.strings */,
				D475892A184C9FBE00DA20D2 /* main.m */,
				D475892C184C9FBE00DA20D2 /* txUITableViewDemo-Prefix.pch */,
			);
			name = "Supporting Files";
			sourceTree = "<group>";
		};
		D475893D184C9FBE00DA20D2 /* txUITableViewDemoTests */ = {
			isa = PBXGroup;
			children = (
				D4758943184C9FBE00DA20D2 /* txUITableViewDemoTests.m */,
				D475893E184C9FBE00DA20D2 /* Supporting Files */,
			);
			path = txUITableViewDemoTests;
			sourceTree = "<group>";
		};
		D475893E184C9FBE00DA20D2 /* Supporting Files */ = {
			isa = PBXGroup;
			children = (
				D475893F184C9FBE00DA20D2 /* txUITableViewDemoTests-Info.plist */,
				D4758940184C9FBE00DA20D2 /* InfoPlist.strings */,
			);
			name = "Supporting Files";
			sourceTree = "<group>";
		};
		D475894D184CA3D600DA20D2 /* Controllers */ = {
			isa = PBXGroup;
			children = (
				D475894E184CA3F100DA20D2 /* txMainViewController.h */,
				D475894F184CA3F100DA20D2 /* txMainViewController.m */,
			);
			name = Controllers;
			sourceTree = "<group>";
		};
		D4758951184CB0D400DA20D2 /* Resources */ = {
			isa = PBXGroup;
			children = (
				D4758952184CB0EA00DA20D2 /* Icon.png */,
			);
			name = Resources;
			sourceTree = "<group>";
		};
/* End PBXGroup section */

/* Begin PBXNativeTarget section */
		D475891A184C9FBE00DA20D2 /* txUITableViewDemo */ = {
			isa = PBXNativeTarget;
			buildConfigurationList = D4758947184C9FBE00DA20D2 /* Build configuration list for PBXNativeTarget "txUITableViewDemo" */;
			buildPhases = (
				D4758917184C9FBE00DA20D2 /* Sources */,
				D4758918184C9FBE00DA20D2 /* Frameworks */,
				D4758919184C9FBE00DA20D2 /* Resources */,
			);
			buildRules = (
			);
			dependencies = (
			);
			name = txUITableViewDemo;
			productName = txUITableViewDemo;
			productReference = D475891B184C9FBE00DA20D2 /* txUITableViewDemo.app */;
			productType = "com.apple.product-type.application";
		};
		D4758935184C9FBE00DA20D2 /* txUITableViewDemoTests */ = {
			isa = PBXNativeTarget;
			buildConfigurationList = D475894A184C9FBE00DA20D2 /* Build configuration list for PBXNativeTarget "txUITableViewDemoTests" */;
			buildPhases = (
				D4758932184C9FBE00DA20D2 /* Sources */,
				D4758933184C9FBE00DA20D2 /* Frameworks */,
				D4758934184C9FBE00DA20D2 /* Resources */,
			);
			buildRules = (
			);
			dependencies = (
				D475893C184C9FBE00DA20D2 /* PBXTargetDependency */,
			);
			name = txUITableViewDemoTests;
			productName = txUITableViewDemoTests;
			productReference = D4758936184C9FBE00DA20D2 /* txUITableViewDemoTests.xctest */;
			productType = "com.apple.product-type.bundle.unit-test";
		};
/* End PBXNativeTarget section */

/* Begin PBXProject section */
		D4758913184C9FBE00DA20D2 /* Project object */ = {
			isa = PBXProject;
			attributes = {
				CLASSPREFIX = tx;
				LastUpgradeCheck = 0500;
				ORGANIZATIONNAME = tingxuan.qhm;
				TargetAttributes = {
					D4758935184C9FBE00DA20D2 = {
						TestTargetID = D475891A184C9FBE00DA20D2;
					};
				};
			};
			buildConfigurationList = D4758916184C9FBE00DA20D2 /* Build configuration list for PBXProject "txUITableViewDemo" */;
			compatibilityVersion = "Xcode 3.2";
			developmentRegion = English;
			hasScannedForEncodings = 0;
			knownRegions = (
				en,
			);
			mainGroup = D4758912184C9FBE00DA20D2;
			productRefGroup = D475891C184C9FBE00DA20D2 /* Products */;
			projectDirPath = "";
			projectRoot = "";
			targets = (
				D475891A184C9FBE00DA20D2 /* txUITableViewDemo */,
				D4758935184C9FBE00DA20D2 /* txUITableViewDemoTests */,
			);
		};
/* End PBXProject section */

/* Begin PBXResourcesBuildPhase section */
		D4758919184C9FBE00DA20D2 /* Resources */ = {
			isa = PBXResourcesBuildPhase;
			buildActionMask = 2147483647;
			files = (
				D4758953184CB0EA00DA20D2 /* Icon.png in Resources */,
				D4758929184C9FBE00DA20D2 /* InfoPlist.strings in Resources */,
				D4758931184C9FBE00DA20D2 /* Images.xcassets in Resources */,
			);
			runOnlyForDeploymentPostprocessing = 0;
		};
		D4758934184C9FBE00DA20D2 /* Resources */ = {
			isa = PBXResourcesBuildPhase;
			buildActionMask = 2147483647;
			files = (
				D4758942184C9FBE00DA20D2 /* InfoPlist.strings in Resources */,
			);
			runOnlyForDeploymentPostprocessing = 0;
		};
/* End PBXResourcesBuildPhase section */

/* Begin PBXSourcesBuildPhase section */
		D4758917184C9FBE00DA20D2 /* Sources */ = {
			isa = PBXSourcesBuildPhase;
			buildActionMask = 2147483647;
			files = (
				D4758950184CA3F100DA20D2 /* txMainViewController.m in Sources */,
				D475892F184C9FBE00DA20D2 /* txAppDelegate.m in Sources */,
				D475892B184C9FBE00DA20D2 /* main.m in Sources */,
			);
			runOnlyForDeploymentPostprocessing = 0;
		};
		D4758932184C9FBE00DA20D2 /* Sources */ = {
			isa = PBXSourcesBuildPhase;
			buildActionMask = 2147483647;
			files = (
				D4758944184C9FBE00DA20D2 /* txUITableViewDemoTests.m in Sources */,
			);
			runOnlyForDeploymentPostprocessing = 0;
		};
/* End PBXSourcesBuildPhase section */

/* Begin PBXTargetDependency section */
		D475893C184C9FBE00DA20D2 /* PBXTargetDependency */ = {
			isa = PBXTargetDependency;
			target = D475891A184C9FBE00DA20D2 /* txUITableViewDemo */;
			targetProxy = D475893B184C9FBE00DA20D2 /* PBXContainerItemProxy */;
		};
/* End PBXTargetDependency section */

/* Begin PBXVariantGroup section */
		D4758927184C9FBE00DA20D2 /* InfoPlist.strings */ = {
			isa = PBXVariantGroup;
			children = (
				D4758928184C9FBE00DA20D2 /* en */,
			);
			name = InfoPlist.strings;
			sourceTree = "<group>";
		};
		D4758940184C9FBE00DA20D2 /* InfoPlist.strings */ = {
			isa = PBXVariantGroup;
			children = (
				D4758941184C9FBE00DA20D2 /* en */,
			);
			name = InfoPlist.strings;
			sourceTree = "<group>";
		};
/* End PBXVariantGroup section */

/* Begin XCBuildConfiguration section */
		D4758945184C9FBE00DA20D2 /* Debug */ = {
			isa = XCBuildConfiguration;
			buildSettings = {
				ALWAYS_SEARCH_USER_PATHS = NO;
				CLANG_CXX_LANGUAGE_STANDARD = "gnu++0x";
				CLANG_CXX_LIBRARY = "libc++";
				CLANG_ENABLE_MODULES = YES;
				CLANG_ENABLE_OBJC_ARC = YES;
				CLANG_WARN_BOOL_CONVERSION = YES;
				CLANG_WARN_CONSTANT_CONVERSION = YES;
				CLANG_WARN_DIRECT_OBJC_ISA_USAGE = YES_ERROR;
				CLANG_WARN_EMPTY_BODY = YES;
				CLANG_WARN_ENUM_CONVERSION = YES;
				CLANG_WARN_INT_CONVERSION = YES;
				CLANG_WARN_OBJC_ROOT_CLASS = YES_ERROR;
				CLANG_WARN__DUPLICATE_METHOD_MATCH = YES;
				"CODE_SIGN_IDENTITY[sdk=iphoneos*]" = "iPhone Developer";
				COPY_PHASE_STRIP = NO;
				GCC_C_LANGUAGE_STANDARD = gnu99;
				GCC_DYNAMIC_NO_PIC = NO;
				GCC_OPTIMIZATION_LEVEL = 0;
				GCC_PREPROCESSOR_DEFINITIONS = (
					"DEBUG=1",
					"$(inherited)",
				);
				GCC_SYMBOLS_PRIVATE_EXTERN = NO;
				GCC_WARN_ABOUT_RETURN_TYPE = YES_ERROR;
				GCC_WARN_UNDECLARED_SELECTOR = YES;
				GCC_WARN_UNINITIALIZED_AUTOS = YES;
				GCC_WARN_UNUSED_FUNCTION = YES;
				GCC_WARN_UNUSED_VARIABLE = YES;
				IPHONEOS_DEPLOYMENT_TARGET = 7.0;
				ONLY_ACTIVE_ARCH = YES;
				SDKROOT = iphoneos;
			};
			name = Debug;
		};
		D4758946184C9FBE00DA20D2 /* Release */ = {
			isa = XCBuildConfiguration;
			buildSettings = {
				ALWAYS_SEARCH_USER_PATHS = NO;
				CLANG_CXX_LANGUAGE_STANDARD = "gnu++0x";
				CLANG_CXX_LIBRARY = "libc++";
				CLANG_ENABLE_MODULES = YES;
				CLANG_ENABLE_OBJC_ARC = YES;
				CLANG_WARN_BOOL_CONVERSION = YES;
				CLANG_WARN_CONSTANT_CONVERSION = YES;
				CLANG_WARN_DIRECT_OBJC_ISA_USAGE = YES_ERROR;
				CLANG_WARN_EMPTY_BODY = YES;
				CLANG_WARN_ENUM_CONVERSION = YES;
				CLANG_WARN_INT_CONVERSION = YES;
				CLANG_WARN_OBJC_ROOT_CLASS = YES_ERROR;
				CLANG_WARN__DUPLICATE_METHOD_MATCH = YES;
				"CODE_SIGN_IDENTITY[sdk=iphoneos*]" = "iPhone Developer";
				COPY_PHASE_STRIP = YES;
				ENABLE_NS_ASSERTIONS = NO;
				GCC_C_LANGUAGE_STANDARD = gnu99;
				GCC_WARN_ABOUT_RETURN_TYPE = YES_ERROR;
				GCC_WARN_UNDECLARED_SELECTOR = YES;
				GCC_WARN_UNINITIALIZED_AUTOS = YES;
				GCC_WARN_UNUSED_FUNCTION = YES;
				GCC_WARN_UNUSED_VARIABLE = YES;
				IPHONEOS_DEPLOYMENT_TARGET = 7.0;
				SDKROOT = iphoneos;
				VALIDATE_PRODUCT = YES;
			};
			name = Release;
		};
		D4758948184C9FBE00DA20D2 /* Debug */ = {
			isa = XCBuildConfiguration;
			buildSettings = {
				ASSETCATALOG_COMPILER_APPICON_NAME = AppIcon;
				ASSETCATALOG_COMPILER_LAUNCHIMAGE_NAME = LaunchImage;
				GCC_PRECOMPILE_PREFIX_HEADER = YES;
				GCC_PREFIX_HEADER = "txUITableViewDemo/txUITableViewDemo-Prefix.pch";
				INFOPLIST_FILE = "txUITableViewDemo/txUITableViewDemo-Info.plist";
				PRODUCT_NAME = "$(TARGET_NAME)";
				WRAPPER_EXTENSION = app;
			};
			name = Debug;
		};
		D4758949184C9FBE00DA20D2 /* Release */ = {
			isa = XCBuildConfiguration;
			buildSettings = {
				ASSETCATALOG_COMPILER_APPICON_NAME = AppIcon;
				ASSETCATALOG_COMPILER_LAUNCHIMAGE_NAME = LaunchImage;
				GCC_PRECOMPILE_PREFIX_HEADER = YES;
				GCC_PREFIX_HEADER = "txUITableViewDemo/txUITableViewDemo-Prefix.pch";
				INFOPLIST_FILE = "txUITableViewDemo/txUITableViewDemo-Info.plist";
				PRODUCT_NAME = "$(TARGET_NAME)";
				WRAPPER_EXTENSION = app;
			};
			name = Release;
		};
		D475894B184C9FBE00DA20D2 /* Debug */ = {
			isa = XCBuildConfiguration;
			buildSettings = {
				BUNDLE_LOADER = "$(BUILT_PRODUCTS_DIR)/txUITableViewDemo.app/txUITableViewDemo";
				FRAMEWORK_SEARCH_PATHS = (
					"$(SDKROOT)/Developer/Library/Frameworks",
					"$(inherited)",
					"$(DEVELOPER_FRAMEWORKS_DIR)",
				);
				GCC_PRECOMPILE_PREFIX_HEADER = YES;
				GCC_PREFIX_HEADER = "txUITableViewDemo/txUITableViewDemo-Prefix.pch";
				GCC_PREPROCESSOR_DEFINITIONS = (
					"DEBUG=1",
					"$(inherited)",
				);
				INFOPLIST_FILE = "txUITableViewDemoTests/txUITableViewDemoTests-Info.plist";
				PRODUCT_NAME = "$(TARGET_NAME)";
				TEST_HOST = "$(BUNDLE_LOADER)";
				WRAPPER_EXTENSION = xctest;
			};
			name = Debug;
		};
		D475894C184C9FBE00DA20D2 /* Release */ = {
			isa = XCBuildConfiguration;
			buildSettings = {
				BUNDLE_LOADER = "$(BUILT_PRODUCTS_DIR)/txUITableViewDemo.app/txUITableViewDemo";
				FRAMEWORK_SEARCH_PATHS = (
					"$(SDKROOT)/Developer/Library/Frameworks",
					"$(inherited)",
					"$(DEVELOPER_FRAMEWORKS_DIR)",
				);
				GCC_PRECOMPILE_PREFIX_HEADER = YES;
				GCC_PREFIX_HEADER = "txUITableViewDemo/txUITableViewDemo-Prefix.pch";
				INFOPLIST_FILE = "txUITableViewDemoTests/txUITableViewDemoTests-Info.plist";
				PRODUCT_NAME = "$(TARGET_NAME)";
				TEST_HOST = "$(BUNDLE_LOADER)";
				WRAPPER_EXTENSION = xctest;
			};
			name = Release;
		};
/* End XCBuildConfiguration section */

/* Begin XCConfigurationList section */
		D4758916184C9FBE00DA20D2 /* Build configuration list for PBXProject "txUITableViewDemo" */ = {
			isa = XCConfigurationList;
			buildConfigurations = (
				D4758945184C9FBE00DA20D2 /* Debug */,
				D4758946184C9FBE00DA20D2 /* Release */,
			);
			defaultConfigurationIsVisible = 0;
			defaultConfigurationName = Release;
		};
		D4758947184C9FBE00DA20D2 /* Build configuration list for PBXNativeTarget "txUITableViewDemo" */ = {
			isa = XCConfigurationList;
			buildConfigurations = (
				D4758948184C9FBE00DA20D2 /* Debug */,
				D4758949184C9FBE00DA20D2 /* Release */,
			);
			defaultConfigurationIsVisible = 0;
		};
		D475894A184C9FBE00DA20D2 /* Build configuration list for PBXNativeTarget "txUITableViewDemoTests" */ = {
			isa = XCConfigurationList;
			buildConfigurations = (
				D475894B184C9FBE00DA20D2 /* Debug */,
				D475894C184C9FBE00DA20D2 /* Release */,
			);
			defaultConfigurationIsVisible = 0;
		};
/* End XCConfigurationList section */
	};
	rootObject = D4758913184C9FBE00DA20D2 /* Project object */;
}
